
Microsoft Visual Studio Solution File, Format Version 12.00
# Visual Studio Version 16
VisualStudioVersion = 16.0.31702.278
MinimumVisualStudioVersion = 10.0.40219.1
Project("{9A19103F-16F7-4668-BE54-9A1E7A4F7556}") = "APIServices", "APIServices\APIServices.csproj", "{375DA1C2-0CF8-43FA-8B1B-84929E1D067E}"
EndProject
Project("{9A19103F-16F7-4668-BE54-9A1E7A4F7556}") = "APIGateway", "APIGateway\APIGateway.csproj", "{75979A99-F003-4D90-8AE2-6447F0BEEB9F}"
EndProject
Project("{9A19103F-16F7-4668-BE54-9A1E7A4F7556}") = "TestCircuitBreaker", "TestCircuitBreaker\TestCircuitBreaker.csproj", "{8F3646A5-EC3C-4DA7-98C7-04110A494C8A}"
EndProject
Global
	GlobalSection(SolutionConfigurationPlatforms) = preSolution
		Debug|Any CPU = Debug|Any CPU
		Release|Any CPU = Release|Any CPU
	EndGlobalSection
	GlobalSection(ProjectConfigurationPlatforms) = postSolution
		{375DA1C2-0CF8-43FA-8B1B-84929E1D067E}.Debug|Any CPU.ActiveCfg = Debug|Any CPU
		{375DA1C2-0CF8-43FA-8B1B-84929E1D067E}.Debug|Any CPU.Build.0 = Debug|Any CPU
		{375DA1C2-0CF8-43FA-8B1B-84929E1D067E}.Release|Any CPU.ActiveCfg = Release|Any CPU
		{375DA1C2-0CF8-43FA-8B1B-84929E1D067E}.Release|Any CPU.Build.0 = Release|Any CPU
		{75979A99-F003-4D90-8AE2-6447F0BEEB9F}.Debug|Any CPU.ActiveCfg = Debug|Any CPU
		{75979A99-F003-4D90-8AE2-6447F0BEEB9F}.Debug|Any CPU.Build.0 = Debug|Any CPU
		{75979A99-F003-4D90-8AE2-6447F0BEEB9F}.Release|Any CPU.ActiveCfg = Release|Any CPU
		{75979A99-F003-4D90-8AE2-6447F0BEEB9F}.Release|Any CPU.Build.0 = Release|Any CPU
		{8F3646A5-EC3C-4DA7-98C7-04110A494C8A}.Debug|Any CPU.ActiveCfg = Debug|Any CPU
		{8F3646A5-EC3C-4DA7-98C7-04110A494C8A}.Debug|Any CPU.Build.0 = Debug|Any CPU
		{8F3646A5-EC3C-4DA7-98C7-04110A494C8A}.Release|Any CPU.ActiveCfg = Release|Any CPU
		{8F3646A5-EC3C-4DA7-98C7-04110A494C8A}.Release|Any CPU.Build.0 = Release|Any CPU
	EndGlobalSection
	GlobalSection(SolutionProperties) = preSolution
		HideSolutionNode = FALSE
	EndGlobalSection
	GlobalSection(ExtensibilityGlobals) = postSolution
		SolutionGuid = {8BE2A33B-7F67-405B-92E8-5574246FEBA4}
	EndGlobalSection
EndGlobal
